
Microsoft Visual Studio Solution File, Format Version 12.00
# Visual Studio 15
Project("{FAE04EC0-301F-11D3-BF4B-00C04F79EFBC}") = "Assembly-CSharp", "Assembly-CSharp.csproj", "{2658D945-FE6E-398E-B85B-68178392ACB5}"
EndProject
Project("{FAE04EC0-301F-11D3-BF4B-00C04F79EFBC}") = "Assembly-CSharp-Editor", "Assembly-CSharp-Editor.csproj", "{7C4BEFB2-0ABC-002C-C1DA-27F1E6A0C122}"
EndProject
Project("{FAE04EC0-301F-11D3-BF4B-00C04F79EFBC}") = "Assembly-CSharp-Editor-firstpass", "Assembly-CSharp-Editor-firstpass.csproj", "{42755059-5447-6275-DD51-AAD8685F49C1}"
EndProject
Global
	GlobalSection(SolutionConfigurationPlatforms) = preSolution
		Debug|Any CPU = Debug|Any CPU
		Release|Any CPU = Release|Any CPU
	EndGlobalSection
	GlobalSection(ProjectConfigurationPlatforms) = postSolution
		{2658D945-FE6E-398E-B85B-68178392ACB5}.Debug|Any CPU.ActiveCfg = Debug|Any CPU
		{2658D945-FE6E-398E-B85B-68178392ACB5}.Debug|Any CPU.Build.0 = Debug|Any CPU
		{2658D945-FE6E-398E-B85B-68178392ACB5}.Release|Any CPU.ActiveCfg = Release|Any CPU
		{2658D945-FE6E-398E-B85B-68178392ACB5}.Release|Any CPU.Build.0 = Release|Any CPU
		{7C4BEFB2-0ABC-002C-C1DA-27F1E6A0C122}.Debug|Any CPU.ActiveCfg = Debug|Any CPU
		{7C4BEFB2-0ABC-002C-C1DA-27F1E6A0C122}.Debug|Any CPU.Build.0 = Debug|Any CPU
		{7C4BEFB2-0ABC-002C-C1DA-27F1E6A0C122}.Release|Any CPU.ActiveCfg = Release|Any CPU
		{7C4BEFB2-0ABC-002C-C1DA-27F1E6A0C122}.Release|Any CPU.Build.0 = Release|Any CPU
		{42755059-5447-6275-DD51-AAD8685F49C1}.Debug|Any CPU.ActiveCfg = Debug|Any CPU
		{42755059-5447-6275-DD51-AAD8685F49C1}.Debug|Any CPU.Build.0 = Debug|Any CPU
		{42755059-5447-6275-DD51-AAD8685F49C1}.Release|Any CPU.ActiveCfg = Release|Any CPU
		{42755059-5447-6275-DD51-AAD8685F49C1}.Release|Any CPU.Build.0 = Release|Any CPU
	EndGlobalSection
	GlobalSection(SolutionProperties) = preSolution
		HideSolutionNode = FALSE
	EndGlobalSection
EndGlobal
